
Microsoft Visual Studio Solution File, Format Version 12.00
# Visual Studio Version 17
VisualStudioVersion = 17.5.002.0
MinimumVisualStudioVersion = 10.0.40219.1
Project("{9A19103F-16F7-4668-BE54-9A1E7A4F7556}") = "HelloWorld", "HelloWorld.csproj", "{473FA954-0FD0-4199-82E8-46024E72751C}"
EndProject
Global
	GlobalSection(SolutionConfigurationPlatforms) = preSolution
		Debug|Any CPU = Debug|Any CPU
		Release|Any CPU = Release|Any CPU
	EndGlobalSection
	GlobalSection(ProjectConfigurationPlatforms) = postSolution
		{473FA954-0FD0-4199-82E8-46024E72751C}.Debug|Any CPU.ActiveCfg = Debug|Any CPU
		{473FA954-0FD0-4199-82E8-46024E72751C}.Debug|Any CPU.Build.0 = Debug|Any CPU
		{473FA954-0FD0-4199-82E8-46024E72751C}.Release|Any CPU.ActiveCfg = Release|Any CPU
		{473FA954-0FD0-4199-82E8-46024E72751C}.Release|Any CPU.Build.0 = Release|Any CPU
	EndGlobalSection
	GlobalSection(SolutionProperties) = preSolution
		HideSolutionNode = FALSE
	EndGlobalSection
	GlobalSection(ExtensibilityGlobals) = postSolution
		SolutionGuid = {6F5F910A-2FAE-4079-A9E5-2190772BA146}
	EndGlobalSection
EndGlobal
